
Microsoft Visual Studio Solution File, Format Version 12.00
# Visual Studio 14
VisualStudioVersion = 14.0.25123.0
MinimumVisualStudioVersion = 10.0.40219.1
Project("{FAE04EC0-301F-11D3-BF4B-00C04F79EFBC}") = "ScavengerHunt.Web", "ScavengerHunt.Web\ScavengerHunt.Web.csproj", "{4C928358-792F-4CE1-B3E0-46AF18EE630E}"
EndProject
Global
	GlobalSection(SolutionConfigurationPlatforms) = preSolution
		Debug|Any CPU = Debug|Any CPU
		Release|Any CPU = Release|Any CPU
	EndGlobalSection
	GlobalSection(ProjectConfigurationPlatforms) = postSolution
		{4C928358-792F-4CE1-B3E0-46AF18EE630E}.Debug|Any CPU.ActiveCfg = Debug|Any CPU
		{4C928358-792F-4CE1-B3E0-46AF18EE630E}.Debug|Any CPU.Build.0 = Debug|Any CPU
		{4C928358-792F-4CE1-B3E0-46AF18EE630E}.Release|Any CPU.ActiveCfg = Release|Any CPU
		{4C928358-792F-4CE1-B3E0-46AF18EE630E}.Release|Any CPU.Build.0 = Release|Any CPU
	EndGlobalSection
	GlobalSection(SolutionProperties) = preSolution
		HideSolutionNode = FALSE
	EndGlobalSection
EndGlobal
